// !$*UTF8*$!
{
	archiveVersion = 1;
	classes = {
	};
	objectVersion = 56;
	objects = {

/* Begin PBXBuildFile section */
		445B08496E9C0985AF665A3D /* Pods_Mobikwik_Assingment.framework in Frameworks */ = {isa = PBXBuildFile; fileRef = AA9CB42277F532999524AD6B /* Pods_Mobikwik_Assingment.framework */; };
		754FD0C52B8B75E600940834 /* Observable.swift in Sources */ = {isa = PBXBuildFile; fileRef = 754FD0C42B8B75E600940834 /* Observable.swift */; };
		754FD0C82B8B777100940834 /* PhotosModel.swift in Sources */ = {isa = PBXBuildFile; fileRef = 754FD0C72B8B777100940834 /* PhotosModel.swift */; };
		754FD0CB2B8BB55C00940834 /* ImagesViewModel.swift in Sources */ = {isa = PBXBuildFile; fileRef = 754FD0CA2B8BB55C00940834 /* ImagesViewModel.swift */; };
		757BB08B2B8BC1E8002B4B8C /* ImageCollectionViewCell.swift in Sources */ = {isa = PBXBuildFile; fileRef = 757BB0892B8BC1E8002B4B8C /* ImageCollectionViewCell.swift */; };
		7595AE362B8A8177006BD962 /* AppDelegate.swift in Sources */ = {isa = PBXBuildFile; fileRef = 7595AE352B8A8177006BD962 /* AppDelegate.swift */; };
		7595AE382B8A8177006BD962 /* SceneDelegate.swift in Sources */ = {isa = PBXBuildFile; fileRef = 7595AE372B8A8177006BD962 /* SceneDelegate.swift */; };
		7595AE3A2B8A8177006BD962 /* MainViewController.swift in Sources */ = {isa = PBXBuildFile; fileRef = 7595AE392B8A8177006BD962 /* MainViewController.swift */; };
		7595AE3D2B8A8177006BD962 /* Main.storyboard in Resources */ = {isa = PBXBuildFile; fileRef = 7595AE3B2B8A8177006BD962 /* Main.storyboard */; };
		7595AE3F2B8A8179006BD962 /* Assets.xcassets in Resources */ = {isa = PBXBuildFile; fileRef = 7595AE3E2B8A8179006BD962 /* Assets.xcassets */; };
		7595AE422B8A8179006BD962 /* LaunchScreen.storyboard in Resources */ = {isa = PBXBuildFile; fileRef = 7595AE402B8A8179006BD962 /* LaunchScreen.storyboard */; };
		7595AE4D2B8A8179006BD962 /* Mobikwik_AssingmentTests.swift in Sources */ = {isa = PBXBuildFile; fileRef = 7595AE4C2B8A8179006BD962 /* Mobikwik_AssingmentTests.swift */; };
		7595AE572B8A8179006BD962 /* Mobikwik_AssingmentUITests.swift in Sources */ = {isa = PBXBuildFile; fileRef = 7595AE562B8A8179006BD962 /* Mobikwik_AssingmentUITests.swift */; };
		7595AE592B8A8179006BD962 /* Mobikwik_AssingmentUITestsLaunchTests.swift in Sources */ = {isa = PBXBuildFile; fileRef = 7595AE582B8A8179006BD962 /* Mobikwik_AssingmentUITestsLaunchTests.swift */; };
		75FA83112B8B5EC60008FEF1 /* PhotosViewModel.swift in Sources */ = {isa = PBXBuildFile; fileRef = 75FA83102B8B5EC60008FEF1 /* PhotosViewModel.swift */; };
		75FA83162B8B64450008FEF1 /* NetworkManager.m in Sources */ = {isa = PBXBuildFile; fileRef = 75FA83152B8B64450008FEF1 /* NetworkManager.m */; };
		75FA83192B8B66A20008FEF1 /* APIConstants.m in Sources */ = {isa = PBXBuildFile; fileRef = 75FA83182B8B66A20008FEF1 /* APIConstants.m */; };
		75FA831C2B8B67350008FEF1 /* APIEndpoints.m in Sources */ = {isa = PBXBuildFile; fileRef = 75FA831B2B8B67350008FEF1 /* APIEndpoints.m */; };
/* End PBXBuildFile section */

/* Begin PBXContainerItemProxy section */
		7595AE492B8A8179006BD962 /* PBXContainerItemProxy */ = {
			isa = PBXContainerItemProxy;
			containerPortal = 7595AE2A2B8A8177006BD962 /* Project object */;
			proxyType = 1;
			remoteGlobalIDString = 7595AE312B8A8177006BD962;
			remoteInfo = "Mobikwik Assingment";
		};
		7595AE532B8A8179006BD962 /* PBXContainerItemProxy */ = {
			isa = PBXContainerItemProxy;
			containerPortal = 7595AE2A2B8A8177006BD962 /* Project object */;
			proxyType = 1;
			remoteGlobalIDString = 7595AE312B8A8177006BD962;
			remoteInfo = "Mobikwik Assingment";
		};
/* End PBXContainerItemProxy section */

/* Begin PBXFileReference section */
		06EA3DC2EF1F28C1F906FDA2 /* Pods-Mobikwik Assingment.release.xcconfig */ = {isa = PBXFileReference; includeInIndex = 1; lastKnownFileType = text.xcconfig; name = "Pods-Mobikwik Assingment.release.xcconfig"; path = "Target Support Files/Pods-Mobikwik Assingment/Pods-Mobikwik Assingment.release.xcconfig"; sourceTree = "<group>"; };
		09027AD8D2FC42CDF67EB67A /* Pods-Mobikwik Assingment.debug.xcconfig */ = {isa = PBXFileReference; includeInIndex = 1; lastKnownFileType = text.xcconfig; name = "Pods-Mobikwik Assingment.debug.xcconfig"; path = "Target Support Files/Pods-Mobikwik Assingment/Pods-Mobikwik Assingment.debug.xcconfig"; sourceTree = "<group>"; };
		754FD0C42B8B75E600940834 /* Observable.swift */ = {isa = PBXFileReference; lastKnownFileType = sourcecode.swift; path = Observable.swift; sourceTree = "<group>"; };
		754FD0C72B8B777100940834 /* PhotosModel.swift */ = {isa = PBXFileReference; lastKnownFileType = sourcecode.swift; path = PhotosModel.swift; sourceTree = "<group>"; };
		754FD0CA2B8BB55C00940834 /* ImagesViewModel.swift */ = {isa = PBXFileReference; lastKnownFileType = sourcecode.swift; path = ImagesViewModel.swift; sourceTree = "<group>"; };
		757BB0892B8BC1E8002B4B8C /* ImageCollectionViewCell.swift */ = {isa = PBXFileReference; lastKnownFileType = sourcecode.swift; path = ImageCollectionViewCell.swift; sourceTree = "<group>"; };
		7595AE322B8A8177006BD962 /* Mobikwik Assingment.app */ = {isa = PBXFileReference; explicitFileType = wrapper.application; includeInIndex = 0; path = "Mobikwik Assingment.app"; sourceTree = BUILT_PRODUCTS_DIR; };
		7595AE352B8A8177006BD962 /* AppDelegate.swift */ = {isa = PBXFileReference; lastKnownFileType = sourcecode.swift; path = AppDelegate.swift; sourceTree = "<group>"; };
		7595AE372B8A8177006BD962 /* SceneDelegate.swift */ = {isa = PBXFileReference; lastKnownFileType = sourcecode.swift; path = SceneDelegate.swift; sourceTree = "<group>"; };
		7595AE392B8A8177006BD962 /* MainViewController.swift */ = {isa = PBXFileReference; lastKnownFileType = sourcecode.swift; path = MainViewController.swift; sourceTree = "<group>"; };
		7595AE3C2B8A8177006BD962 /* Base */ = {isa = PBXFileReference; lastKnownFileType = file.storyboard; name = Base; path = Base.lproj/Main.storyboard; sourceTree = "<group>"; };
		7595AE3E2B8A8179006BD962 /* Assets.xcassets */ = {isa = PBXFileReference; lastKnownFileType = folder.assetcatalog; path = Assets.xcassets; sourceTree = "<group>"; };
		7595AE412B8A8179006BD962 /* Base */ = {isa = PBXFileReference; lastKnownFileType = file.storyboard; name = Base; path = Base.lproj/LaunchScreen.storyboard; sourceTree = "<group>"; };
		7595AE432B8A8179006BD962 /* Info.plist */ = {isa = PBXFileReference; lastKnownFileType = text.plist.xml; path = Info.plist; sourceTree = "<group>"; };
		7595AE482B8A8179006BD962 /* Mobikwik AssingmentTests.xctest */ = {isa = PBXFileReference; explicitFileType = wrapper.cfbundle; includeInIndex = 0; path = "Mobikwik AssingmentTests.xctest"; sourceTree = BUILT_PRODUCTS_DIR; };
		7595AE4C2B8A8179006BD962 /* Mobikwik_AssingmentTests.swift */ = {isa = PBXFileReference; lastKnownFileType = sourcecode.swift; path = Mobikwik_AssingmentTests.swift; sourceTree = "<group>"; };
		7595AE522B8A8179006BD962 /* Mobikwik AssingmentUITests.xctest */ = {isa = PBXFileReference; explicitFileType = wrapper.cfbundle; includeInIndex = 0; path = "Mobikwik AssingmentUITests.xctest"; sourceTree = BUILT_PRODUCTS_DIR; };
		7595AE562B8A8179006BD962 /* Mobikwik_AssingmentUITests.swift */ = {isa = PBXFileReference; lastKnownFileType = sourcecode.swift; path = Mobikwik_AssingmentUITests.swift; sourceTree = "<group>"; };
		7595AE582B8A8179006BD962 /* Mobikwik_AssingmentUITestsLaunchTests.swift */ = {isa = PBXFileReference; lastKnownFileType = sourcecode.swift; path = Mobikwik_AssingmentUITestsLaunchTests.swift; sourceTree = "<group>"; };
		75FA83102B8B5EC60008FEF1 /* PhotosViewModel.swift */ = {isa = PBXFileReference; lastKnownFileType = sourcecode.swift; path = PhotosViewModel.swift; sourceTree = "<group>"; };
		75FA83132B8B64220008FEF1 /* NetworkManager.h */ = {isa = PBXFileReference; lastKnownFileType = sourcecode.c.h; path = NetworkManager.h; sourceTree = "<group>"; };
		75FA83142B8B64450008FEF1 /* Mobikwik Assingment-Bridging-Header.h */ = {isa = PBXFileReference; lastKnownFileType = sourcecode.c.h; path = "Mobikwik Assingment-Bridging-Header.h"; sourceTree = "<group>"; };
		75FA83152B8B64450008FEF1 /* NetworkManager.m */ = {isa = PBXFileReference; lastKnownFileType = sourcecode.c.objc; path = NetworkManager.m; sourceTree = "<group>"; };
		75FA83172B8B66930008FEF1 /* APIConstants.h */ = {isa = PBXFileReference; lastKnownFileType = sourcecode.c.h; path = APIConstants.h; sourceTree = "<group>"; };
		75FA83182B8B66A20008FEF1 /* APIConstants.m */ = {isa = PBXFileReference; lastKnownFileType = sourcecode.c.objc; path = APIConstants.m; sourceTree = "<group>"; };
		75FA831A2B8B67250008FEF1 /* APIEndpoints.h */ = {isa = PBXFileReference; lastKnownFileType = sourcecode.c.h; path = APIEndpoints.h; sourceTree = "<group>"; };
		75FA831B2B8B67350008FEF1 /* APIEndpoints.m */ = {isa = PBXFileReference; lastKnownFileType = sourcecode.c.objc; path = APIEndpoints.m; sourceTree = "<group>"; };
		AA9CB42277F532999524AD6B /* Pods_Mobikwik_Assingment.framework */ = {isa = PBXFileReference; explicitFileType = wrapper.framework; includeInIndex = 0; path = Pods_Mobikwik_Assingment.framework; sourceTree = BUILT_PRODUCTS_DIR; };
/* End PBXFileReference section */

/* Begin PBXFrameworksBuildPhase section */
		7595AE2F2B8A8177006BD962 /* Frameworks */ = {
			isa = PBXFrameworksBuildPhase;
			buildActionMask = 2147483647;
			files = (
				445B08496E9C0985AF665A3D /* Pods_Mobikwik_Assingment.framework in Frameworks */,
			);
			runOnlyForDeploymentPostprocessing = 0;
		};
		7595AE452B8A8179006BD962 /* Frameworks */ = {
			isa = PBXFrameworksBuildPhase;
			buildActionMask = 2147483647;
			files = (
			);
			runOnlyForDeploymentPostprocessing = 0;
		};
		7595AE4F2B8A8179006BD962 /* Frameworks */ = {
			isa = PBXFrameworksBuildPhase;
			buildActionMask = 2147483647;
			files = (
			);
			runOnlyForDeploymentPostprocessing = 0;
		};
/* End PBXFrameworksBuildPhase section */

/* Begin PBXGroup section */
		393561862FE76D5EBDD0343D /* Pods */ = {
			isa = PBXGroup;
			children = (
				09027AD8D2FC42CDF67EB67A /* Pods-Mobikwik Assingment.debug.xcconfig */,
				06EA3DC2EF1F28C1F906FDA2 /* Pods-Mobikwik Assingment.release.xcconfig */,
			);
			path = Pods;
			sourceTree = "<group>";
		};
		754FD0C62B8B761D00940834 /* ViewModel */ = {
			isa = PBXGroup;
			children = (
				75FA83102B8B5EC60008FEF1 /* PhotosViewModel.swift */,
				754FD0CA2B8BB55C00940834 /* ImagesViewModel.swift */,
			);
			path = ViewModel;
			sourceTree = "<group>";
		};
		754FD0C92B8B777700940834 /* Model */ = {
			isa = PBXGroup;
			children = (
				754FD0C72B8B777100940834 /* PhotosModel.swift */,
			);
			path = Model;
			sourceTree = "<group>";
		};
		757BB08F2B8C7424002B4B8C /* Utilities */ = {
			isa = PBXGroup;
			children = (
				754FD0C42B8B75E600940834 /* Observable.swift */,
			);
			path = Utilities;
			sourceTree = "<group>";
		};
		757BB0902B8C7456002B4B8C /* Xib's */ = {
			isa = PBXGroup;
			children = (
				7595AE3B2B8A8177006BD962 /* Main.storyboard */,
				7595AE402B8A8179006BD962 /* LaunchScreen.storyboard */,
			);
			path = "Xib's";
			sourceTree = "<group>";
		};
		7595AE292B8A8177006BD962 = {
			isa = PBXGroup;
			children = (
				7595AE342B8A8177006BD962 /* Mobikwik Assingment */,
				7595AE4B2B8A8179006BD962 /* Mobikwik AssingmentTests */,
				7595AE552B8A8179006BD962 /* Mobikwik AssingmentUITests */,
				7595AE332B8A8177006BD962 /* Products */,
				393561862FE76D5EBDD0343D /* Pods */,
				83AD05FD54E5D564CD1A0EBE /* Frameworks */,
			);
			sourceTree = "<group>";
		};
		7595AE332B8A8177006BD962 /* Products */ = {
			isa = PBXGroup;
			children = (
				7595AE322B8A8177006BD962 /* Mobikwik Assingment.app */,
				7595AE482B8A8179006BD962 /* Mobikwik AssingmentTests.xctest */,
				7595AE522B8A8179006BD962 /* Mobikwik AssingmentUITests.xctest */,
			);
			name = Products;
			sourceTree = "<group>";
		};
		7595AE342B8A8177006BD962 /* Mobikwik Assingment */ = {
			isa = PBXGroup;
			children = (
				7595AE352B8A8177006BD962 /* AppDelegate.swift */,
				7595AE372B8A8177006BD962 /* SceneDelegate.swift */,
				757BB0902B8C7456002B4B8C /* Xib's */,
				75FA83122B8B62CD0008FEF1 /* Networking */,
				754FD0C92B8B777700940834 /* Model */,
				7595AE692B8B3CB3006BD962 /* View */,
				754FD0C62B8B761D00940834 /* ViewModel */,
				757BB08F2B8C7424002B4B8C /* Utilities */,
				7595AE3E2B8A8179006BD962 /* Assets.xcassets */,
				7595AE432B8A8179006BD962 /* Info.plist */,
			);
			path = "Mobikwik Assingment";
			sourceTree = "<group>";
		};
		7595AE4B2B8A8179006BD962 /* Mobikwik AssingmentTests */ = {
			isa = PBXGroup;
			children = (
				7595AE4C2B8A8179006BD962 /* Mobikwik_AssingmentTests.swift */,
			);
			path = "Mobikwik AssingmentTests";
			sourceTree = "<group>";
		};
		7595AE552B8A8179006BD962 /* Mobikwik AssingmentUITests */ = {
			isa = PBXGroup;
			children = (
				7595AE562B8A8179006BD962 /* Mobikwik_AssingmentUITests.swift */,
				7595AE582B8A8179006BD962 /* Mobikwik_AssingmentUITestsLaunchTests.swift */,
			);
			path = "Mobikwik AssingmentUITests";
			sourceTree = "<group>";
		};
		7595AE692B8B3CB3006BD962 /* View */ = {
			isa = PBXGroup;
			children = (
				7595AE392B8A8177006BD962 /* MainViewController.swift */,
				757BB0892B8BC1E8002B4B8C /* ImageCollectionViewCell.swift */,
			);
			path = View;
			sourceTree = "<group>";
		};
		75FA83122B8B62CD0008FEF1 /* Networking */ = {
			isa = PBXGroup;
			children = (
				75FA83132B8B64220008FEF1 /* NetworkManager.h */,
				75FA83152B8B64450008FEF1 /* NetworkManager.m */,
				75FA83142B8B64450008FEF1 /* Mobikwik Assingment-Bridging-Header.h */,
				75FA83172B8B66930008FEF1 /* APIConstants.h */,
				75FA83182B8B66A20008FEF1 /* APIConstants.m */,
				75FA831A2B8B67250008FEF1 /* APIEndpoints.h */,
				75FA831B2B8B67350008FEF1 /* APIEndpoints.m */,
			);
			path = Networking;
			sourceTree = "<group>";
		};
		83AD05FD54E5D564CD1A0EBE /* Frameworks */ = {
			isa = PBXGroup;
			children = (
				AA9CB42277F532999524AD6B /* Pods_Mobikwik_Assingment.framework */,
			);
			name = Frameworks;
			sourceTree = "<group>";
		};
/* End PBXGroup section */

/* Begin PBXNativeTarget section */
		7595AE312B8A8177006BD962 /* Mobikwik Assingment */ = {
			isa = PBXNativeTarget;
			buildConfigurationList = 7595AE5C2B8A8179006BD962 /* Build configuration list for PBXNativeTarget "Mobikwik Assingment" */;
			buildPhases = (
				4A538C26CC47264E2C428706 /* [CP] Check Pods Manifest.lock */,
				7595AE2E2B8A8177006BD962 /* Sources */,
				7595AE2F2B8A8177006BD962 /* Frameworks */,
				7595AE302B8A8177006BD962 /* Resources */,
			);
			buildRules = (
			);
			dependencies = (
			);
			name = "Mobikwik Assingment";
			productName = "Mobikwik Assingment";
			productReference = 7595AE322B8A8177006BD962 /* Mobikwik Assingment.app */;
			productType = "com.apple.product-type.application";
		};
		7595AE472B8A8179006BD962 /* Mobikwik AssingmentTests */ = {
			isa = PBXNativeTarget;
			buildConfigurationList = 7595AE5F2B8A8179006BD962 /* Build configuration list for PBXNativeTarget "Mobikwik AssingmentTests" */;
			buildPhases = (
				7595AE442B8A8179006BD962 /* Sources */,
				7595AE452B8A8179006BD962 /* Frameworks */,
				7595AE462B8A8179006BD962 /* Resources */,
			);
			buildRules = (
			);
			dependencies = (
				7595AE4A2B8A8179006BD962 /* PBXTargetDependency */,
			);
			name = "Mobikwik AssingmentTests";
			productName = "Mobikwik AssingmentTests";
			productReference = 7595AE482B8A8179006BD962 /* Mobikwik AssingmentTests.xctest */;
			productType = "com.apple.product-type.bundle.unit-test";
		};
		7595AE512B8A8179006BD962 /* Mobikwik AssingmentUITests */ = {
			isa = PBXNativeTarget;
			buildConfigurationList = 7595AE622B8A8179006BD962 /* Build configuration list for PBXNativeTarget "Mobikwik AssingmentUITests" */;
			buildPhases = (
				7595AE4E2B8A8179006BD962 /* Sources */,
				7595AE4F2B8A8179006BD962 /* Frameworks */,
				7595AE502B8A8179006BD962 /* Resources */,
			);
			buildRules = (
			);
			dependencies = (
				7595AE542B8A8179006BD962 /* PBXTargetDependency */,
			);
			name = "Mobikwik AssingmentUITests";
			productName = "Mobikwik AssingmentUITests";
			productReference = 7595AE522B8A8179006BD962 /* Mobikwik AssingmentUITests.xctest */;
			productType = "com.apple.product-type.bundle.ui-testing";
		};
/* End PBXNativeTarget section */

/* Begin PBXProject section */
		7595AE2A2B8A8177006BD962 /* Project object */ = {
			isa = PBXProject;
			attributes = {
				BuildIndependentTargetsInParallel = 1;
				LastSwiftUpdateCheck = 1520;
				LastUpgradeCheck = 1520;
				TargetAttributes = {
					7595AE312B8A8177006BD962 = {
						CreatedOnToolsVersion = 15.2;
						LastSwiftMigration = 1520;
					};
					7595AE472B8A8179006BD962 = {
						CreatedOnToolsVersion = 15.2;
						TestTargetID = 7595AE312B8A8177006BD962;
					};
					7595AE512B8A8179006BD962 = {
						CreatedOnToolsVersion = 15.2;
						TestTargetID = 7595AE312B8A8177006BD962;
					};
				};
			};
			buildConfigurationList = 7595AE2D2B8A8177006BD962 /* Build configuration list for PBXProject "Mobikwik Assingment" */;
			compatibilityVersion = "Xcode 14.0";
			developmentRegion = en;
			hasScannedForEncodings = 0;
			knownRegions = (
				en,
				Base,
			);
			mainGroup = 7595AE292B8A8177006BD962;
			productRefGroup = 7595AE332B8A8177006BD962 /* Products */;
			projectDirPath = "";
			projectRoot = "";
			targets = (
				7595AE312B8A8177006BD962 /* Mobikwik Assingment */,
				7595AE472B8A8179006BD962 /* Mobikwik AssingmentTests */,
				7595AE512B8A8179006BD962 /* Mobikwik AssingmentUITests */,
			);
		};
/* End PBXProject section */

/* Begin PBXResourcesBuildPhase section */
		7595AE302B8A8177006BD962 /* Resources */ = {
			isa = PBXResourcesBuildPhase;
			buildActionMask = 2147483647;
			files = (
				7595AE422B8A8179006BD962 /* LaunchScreen.storyboard in Resources */,
				7595AE3F2B8A8179006BD962 /* Assets.xcassets in Resources */,
				7595AE3D2B8A8177006BD962 /* Main.storyboard in Resources */,
			);
			runOnlyForDeploymentPostprocessing = 0;
		};
		7595AE462B8A8179006BD962 /* Resources */ = {
			isa = PBXResourcesBuildPhase;
			buildActionMask = 2147483647;
			files = (
			);
			runOnlyForDeploymentPostprocessing = 0;
		};
		7595AE502B8A8179006BD962 /* Resources */ = {
			isa = PBXResourcesBuildPhase;
			buildActionMask = 2147483647;
			files = (
			);
			runOnlyForDeploymentPostprocessing = 0;
		};
/* End PBXResourcesBuildPhase section */

/* Begin PBXShellScriptBuildPhase section */
		4A538C26CC47264E2C428706 /* [CP] Check Pods Manifest.lock */ = {
			isa = PBXShellScriptBuildPhase;
			buildActionMask = 2147483647;
			files = (
			);
			inputFileListPaths = (
			);
			inputPaths = (
				"${PODS_PODFILE_DIR_PATH}/Podfile.lock",
				"${PODS_ROOT}/Manifest.lock",
			);
			name = "[CP] Check Pods Manifest.lock";
			outputFileListPaths = (
			);
			outputPaths = (
				"$(DERIVED_FILE_DIR)/Pods-Mobikwik Assingment-checkManifestLockResult.txt",
			);
			runOnlyForDeploymentPostprocessing = 0;
			shellPath = /bin/sh;
			shellScript = "diff \"${PODS_PODFILE_DIR_PATH}/Podfile.lock\" \"${PODS_ROOT}/Manifest.lock\" > /dev/null\nif [ $? != 0 ] ; then\n    # print error to STDERR\n    echo \"error: The sandbox is not in sync with the Podfile.lock. Run 'pod install' or update your CocoaPods installation.\" >&2\n    exit 1\nfi\n# This output is used by Xcode 'outputs' to avoid re-running this script phase.\necho \"SUCCESS\" > \"${SCRIPT_OUTPUT_FILE_0}\"\n";
			showEnvVarsInLog = 0;
		};
/* End PBXShellScriptBuildPhase section */

/* Begin PBXSourcesBuildPhase section */
		7595AE2E2B8A8177006BD962 /* Sources */ = {
			isa = PBXSourcesBuildPhase;
			buildActionMask = 2147483647;
			files = (
				754FD0C52B8B75E600940834 /* Observable.swift in Sources */,
				757BB08B2B8BC1E8002B4B8C /* ImageCollectionViewCell.swift in Sources */,
				75FA83192B8B66A20008FEF1 /* APIConstants.m in Sources */,
				754FD0C82B8B777100940834 /* PhotosModel.swift in Sources */,
				7595AE3A2B8A8177006BD962 /* MainViewController.swift in Sources */,
				75FA83112B8B5EC60008FEF1 /* PhotosViewModel.swift in Sources */,
				7595AE362B8A8177006BD962 /* AppDelegate.swift in Sources */,
				75FA831C2B8B67350008FEF1 /* APIEndpoints.m in Sources */,
				75FA83162B8B64450008FEF1 /* NetworkManager.m in Sources */,
				754FD0CB2B8BB55C00940834 /* ImagesViewModel.swift in Sources */,
				7595AE382B8A8177006BD962 /* SceneDelegate.swift in Sources */,
			);
			runOnlyForDeploymentPostprocessing = 0;
		};
		7595AE442B8A8179006BD962 /* Sources */ = {
			isa = PBXSourcesBuildPhase;
			buildActionMask = 2147483647;
			files = (
				7595AE4D2B8A8179006BD962 /* Mobikwik_AssingmentTests.swift in Sources */,
			);
			runOnlyForDeploymentPostprocessing = 0;
		};
		7595AE4E2B8A8179006BD962 /* Sources */ = {
			isa = PBXSourcesBuildPhase;
			buildActionMask = 2147483647;
			files = (
				7595AE592B8A8179006BD962 /* Mobikwik_AssingmentUITestsLaunchTests.swift in Sources */,
				7595AE572B8A8179006BD962 /* Mobikwik_AssingmentUITests.swift in Sources */,
			);
			runOnlyForDeploymentPostprocessing = 0;
		};
/* End PBXSourcesBuildPhase section */

/* Begin PBXTargetDependency section */
		7595AE4A2B8A8179006BD962 /* PBXTargetDependency */ = {
			isa = PBXTargetDependency;
			target = 7595AE312B8A8177006BD962 /* Mobikwik Assingment */;
			targetProxy = 7595AE492B8A8179006BD962 /* PBXContainerItemProxy */;
		};
		7595AE542B8A8179006BD962 /* PBXTargetDependency */ = {
			isa = PBXTargetDependency;
			target = 7595AE312B8A8177006BD962 /* Mobikwik Assingment */;
			targetProxy = 7595AE532B8A8179006BD962 /* PBXContainerItemProxy */;
		};
/* End PBXTargetDependency section */

/* Begin PBXVariantGroup section */
		7595AE3B2B8A8177006BD962 /* Main.storyboard */ = {
			isa = PBXVariantGroup;
			children = (
				7595AE3C2B8A8177006BD962 /* Base */,
			);
			name = Main.storyboard;
			sourceTree = "<group>";
		};
		7595AE402B8A8179006BD962 /* LaunchScreen.storyboard */ = {
			isa = PBXVariantGroup;
			children = (
				7595AE412B8A8179006BD962 /* Base */,
			);
			name = LaunchScreen.storyboard;
			sourceTree = "<group>";
		};
/* End PBXVariantGroup section */

/* Begin XCBuildConfiguration section */
		7595AE5A2B8A8179006BD962 /* Debug */ = {
			isa = XCBuildConfiguration;
			buildSettings = {
				ALWAYS_SEARCH_USER_PATHS = NO;
				ASSETCATALOG_COMPILER_GENERATE_SWIFT_ASSET_SYMBOL_EXTENSIONS = YES;
				CLANG_ANALYZER_NONNULL = YES;
				CLANG_ANALYZER_NUMBER_OBJECT_CONVERSION = YES_AGGRESSIVE;
				CLANG_CXX_LANGUAGE_STANDARD = "gnu++20";
				CLANG_ENABLE_MODULES = YES;
				CLANG_ENABLE_OBJC_ARC = YES;
				CLANG_ENABLE_OBJC_WEAK = YES;
				CLANG_WARN_BLOCK_CAPTURE_AUTORELEASING = YES;
				CLANG_WARN_BOOL_CONVERSION = YES;
				CLANG_WARN_COMMA = YES;
				CLANG_WARN_CONSTANT_CONVERSION = YES;
				CLANG_WARN_DEPRECATED_OBJC_IMPLEMENTATIONS = YES;
				CLANG_WARN_DIRECT_OBJC_ISA_USAGE = YES_ERROR;
				CLANG_WARN_DOCUMENTATION_COMMENTS = YES;
				CLANG_WARN_EMPTY_BODY = YES;
				CLANG_WARN_ENUM_CONVERSION = YES;
				CLANG_WARN_INFINITE_RECURSION = YES;
				CLANG_WARN_INT_CONVERSION = YES;
				CLANG_WARN_NON_LITERAL_NULL_CONVERSION = YES;
				CLANG_WARN_OBJC_IMPLICIT_RETAIN_SELF = YES;
				CLANG_WARN_OBJC_LITERAL_CONVERSION = YES;
				CLANG_WARN_OBJC_ROOT_CLASS = YES_ERROR;
				CLANG_WARN_QUOTED_INCLUDE_IN_FRAMEWORK_HEADER = YES;
				CLANG_WARN_RANGE_LOOP_ANALYSIS = YES;
				CLANG_WARN_STRICT_PROTOTYPES = YES;
				CLANG_WARN_SUSPICIOUS_MOVE = YES;
				CLANG_WARN_UNGUARDED_AVAILABILITY = YES_AGGRESSIVE;
				CLANG_WARN_UNREACHABLE_CODE = YES;
				CLANG_WARN__DUPLICATE_METHOD_MATCH = YES;
				COPY_PHASE_STRIP = NO;
				DEBUG_INFORMATION_FORMAT = dwarf;
				ENABLE_STRICT_OBJC_MSGSEND = YES;
				ENABLE_TESTABILITY = YES;
				ENABLE_USER_SCRIPT_SANDBOXING = YES;
				GCC_C_LANGUAGE_STANDARD = gnu17;
				GCC_DYNAMIC_NO_PIC = NO;
				GCC_NO_COMMON_BLOCKS = YES;
				GCC_OPTIMIZATION_LEVEL = 0;
				GCC_PREPROCESSOR_DEFINITIONS = (
					"DEBUG=1",
					"$(inherited)",
				);
				GCC_WARN_64_TO_32_BIT_CONVERSION = YES;
				GCC_WARN_ABOUT_RETURN_TYPE = YES_ERROR;
				GCC_WARN_UNDECLARED_SELECTOR = YES;
				GCC_WARN_UNINITIALIZED_AUTOS = YES_AGGRESSIVE;
				GCC_WARN_UNUSED_FUNCTION = YES;
				GCC_WARN_UNUSED_VARIABLE = YES;
				IPHONEOS_DEPLOYMENT_TARGET = 17.2;
				LOCALIZATION_PREFERS_STRING_CATALOGS = YES;
				MTL_ENABLE_DEBUG_INFO = INCLUDE_SOURCE;
				MTL_FAST_MATH = YES;
				ONLY_ACTIVE_ARCH = YES;
				SDKROOT = iphoneos;
				SWIFT_ACTIVE_COMPILATION_CONDITIONS = "DEBUG $(inherited)";
				SWIFT_OPTIMIZATION_LEVEL = "-Onone";
				SYSTEM_HEADER_SEARCH_PATHS = "";
			};
			name = Debug;
		};
		7595AE5B2B8A8179006BD962 /* Release */ = {
			isa = XCBuildConfiguration;
			buildSettings = {
				ALWAYS_SEARCH_USER_PATHS = NO;
				ASSETCATALOG_COMPILER_GENERATE_SWIFT_ASSET_SYMBOL_EXTENSIONS = YES;
				CLANG_ANALYZER_NONNULL = YES;
				CLANG_ANALYZER_NUMBER_OBJECT_CONVERSION = YES_AGGRESSIVE;
				CLANG_CXX_LANGUAGE_STANDARD = "gnu++20";
				CLANG_ENABLE_MODULES = YES;
				CLANG_ENABLE_OBJC_ARC = YES;
				CLANG_ENABLE_OBJC_WEAK = YES;
				CLANG_WARN_BLOCK_CAPTURE_AUTORELEASING = YES;
				CLANG_WARN_BOOL_CONVERSION = YES;
				CLANG_WARN_COMMA = YES;
				CLANG_WARN_CONSTANT_CONVERSION = YES;
				CLANG_WARN_DEPRECATED_OBJC_IMPLEMENTATIONS = YES;
				CLANG_WARN_DIRECT_OBJC_ISA_USAGE = YES_ERROR;
				CLANG_WARN_DOCUMENTATION_COMMENTS = YES;
				CLANG_WARN_EMPTY_BODY = YES;
				CLANG_WARN_ENUM_CONVERSION = YES;
				CLANG_WARN_INFINITE_RECURSION = YES;
				CLANG_WARN_INT_CONVERSION = YES;
				CLANG_WARN_NON_LITERAL_NULL_CONVERSION = YES;
				CLANG_WARN_OBJC_IMPLICIT_RETAIN_SELF = YES;
				CLANG_WARN_OBJC_LITERAL_CONVERSION = YES;
				CLANG_WARN_OBJC_ROOT_CLASS = YES_ERROR;
				CLANG_WARN_QUOTED_INCLUDE_IN_FRAMEWORK_HEADER = YES;
				CLANG_WARN_RANGE_LOOP_ANALYSIS = YES;
				CLANG_WARN_STRICT_PROTOTYPES = YES;
				CLANG_WARN_SUSPICIOUS_MOVE = YES;
				CLANG_WARN_UNGUARDED_AVAILABILITY = YES_AGGRESSIVE;
				CLANG_WARN_UNREACHABLE_CODE = YES;
				CLANG_WARN__DUPLICATE_METHOD_MATCH = YES;
				COPY_PHASE_STRIP = NO;
				DEBUG_INFORMATION_FORMAT = "dwarf-with-dsym";
				ENABLE_NS_ASSERTIONS = NO;
				ENABLE_STRICT_OBJC_MSGSEND = YES;
				ENABLE_USER_SCRIPT_SANDBOXING = YES;
				GCC_C_LANGUAGE_STANDARD = gnu17;
				GCC_NO_COMMON_BLOCKS = YES;
				GCC_WARN_64_TO_32_BIT_CONVERSION = YES;
				GCC_WARN_ABOUT_RETURN_TYPE = YES_ERROR;
				GCC_WARN_UNDECLARED_SELECTOR = YES;
				GCC_WARN_UNINITIALIZED_AUTOS = YES_AGGRESSIVE;
				GCC_WARN_UNUSED_FUNCTION = YES;
				GCC_WARN_UNUSED_VARIABLE = YES;
				IPHONEOS_DEPLOYMENT_TARGET = 17.2;
				LOCALIZATION_PREFERS_STRING_CATALOGS = YES;
				MTL_ENABLE_DEBUG_INFO = NO;
				MTL_FAST_MATH = YES;
				SDKROOT = iphoneos;
				SWIFT_COMPILATION_MODE = wholemodule;
				SYSTEM_HEADER_SEARCH_PATHS = "";
				VALIDATE_PRODUCT = YES;
			};
			name = Release;
		};
		7595AE5D2B8A8179006BD962 /* Debug */ = {
			isa = XCBuildConfiguration;
			baseConfigurationReference = 09027AD8D2FC42CDF67EB67A /* Pods-Mobikwik Assingment.debug.xcconfig */;
			buildSettings = {
				ASSETCATALOG_COMPILER_APPICON_NAME = AppIcon;
				ASSETCATALOG_COMPILER_GLOBAL_ACCENT_COLOR_NAME = AccentColor;
				CLANG_ENABLE_MODULES = YES;
				CODE_SIGN_STYLE = Automatic;
				CURRENT_PROJECT_VERSION = 1;
				DEVELOPMENT_TEAM = J7DYRJ66PN;
				GENERATE_INFOPLIST_FILE = YES;
				INFOPLIST_FILE = "Mobikwik Assingment/Info.plist";
				INFOPLIST_KEY_UIApplicationSupportsIndirectInputEvents = YES;
				INFOPLIST_KEY_UILaunchStoryboardName = LaunchScreen;
				INFOPLIST_KEY_UIMainStoryboardFile = Main;
				INFOPLIST_KEY_UISupportedInterfaceOrientations_iPad = "UIInterfaceOrientationPortrait UIInterfaceOrientationPortraitUpsideDown UIInterfaceOrientationLandscapeLeft UIInterfaceOrientationLandscapeRight";
				INFOPLIST_KEY_UISupportedInterfaceOrientations_iPhone = "UIInterfaceOrientationPortrait UIInterfaceOrientationLandscapeLeft UIInterfaceOrientationLandscapeRight";
				LD_RUNPATH_SEARCH_PATHS = (
					"$(inherited)",
					"@executable_path/Frameworks",
				);
				MARKETING_VERSION = 1.0;
				PRODUCT_BUNDLE_IDENTIFIER = "com.Demo.Mobikwik-Assingment";
				PRODUCT_NAME = "$(TARGET_NAME)";
				SUPPORTED_PLATFORMS = "iphoneos iphonesimulator";
				SUPPORTS_MACCATALYST = NO;
				SUPPORTS_XR_DESIGNED_FOR_IPHONE_IPAD = NO;
				SWIFT_EMIT_LOC_STRINGS = YES;
				SWIFT_OBJC_BRIDGING_HEADER = "Mobikwik Assingment/Networking/Mobikwik Assingment-Bridging-Header.h";
				SWIFT_OPTIMIZATION_LEVEL = "-Onone";
				SWIFT_VERSION = 5.0;
				TARGETED_DEVICE_FAMILY = "1,2";
			};
			name = Debug;
		};
		7595AE5E2B8A8179006BD962 /* Release */ = {
			isa = XCBuildConfiguration;
			baseConfigurationReference = 06EA3DC2EF1F28C1F906FDA2 /* Pods-Mobikwik Assingment.release.xcconfig */;
			buildSettings = {
				ASSETCATALOG_COMPILER_APPICON_NAME = AppIcon;
				ASSETCATALOG_COMPILER_GLOBAL_ACCENT_COLOR_NAME = AccentColor;
				CLANG_ENABLE_MODULES = YES;
				CODE_SIGN_STYLE = Automatic;
				CURRENT_PROJECT_VERSION = 1;
				DEVELOPMENT_TEAM = J7DYRJ66PN;
				GENERATE_INFOPLIST_FILE = YES;
				INFOPLIST_FILE = "Mobikwik Assingment/Info.plist";
				INFOPLIST_KEY_UIApplicationSupportsIndirectInputEvents = YES;
				INFOPLIST_KEY_UILaunchStoryboardName = LaunchScreen;
				INFOPLIST_KEY_UIMainStoryboardFile = Main;
				INFOPLIST_KEY_UISupportedInterfaceOrientations_iPad = "UIInterfaceOrientationPortrait UIInterfaceOrientationPortraitUpsideDown UIInterfaceOrientationLandscapeLeft UIInterfaceOrientationLandscapeRight";
				INFOPLIST_KEY_UISupportedInterfaceOrientations_iPhone = "UIInterfaceOrientationPortrait UIInterfaceOrientationLandscapeLeft UIInterfaceOrientationLandscapeRight";
				LD_RUNPATH_SEARCH_PATHS = (
					"$(inherited)",
					"@executable_path/Frameworks",
				);
				MARKETING_VERSION = 1.0;
				PRODUCT_BUNDLE_IDENTIFIER = "com.Demo.Mobikwik-Assingment";
				PRODUCT_NAME = "$(TARGET_NAME)";
				SUPPORTED_PLATFORMS = "iphoneos iphonesimulator";
				SUPPORTS_MACCATALYST = NO;
				SUPPORTS_XR_DESIGNED_FOR_IPHONE_IPAD = NO;
				SWIFT_EMIT_LOC_STRINGS = YES;
				SWIFT_OBJC_BRIDGING_HEADER = "Mobikwik Assingment/Networking/Mobikwik Assingment-Bridging-Header.h";
				SWIFT_VERSION = 5.0;
				TARGETED_DEVICE_FAMILY = "1,2";
			};
			name = Release;
		};
		7595AE602B8A8179006BD962 /* Debug */ = {
			isa = XCBuildConfiguration;
			buildSettings = {
				ALWAYS_EMBED_SWIFT_STANDARD_LIBRARIES = YES;
				BUNDLE_LOADER = "$(TEST_HOST)";
				CODE_SIGN_STYLE = Automatic;
				CURRENT_PROJECT_VERSION = 1;
				DEVELOPMENT_TEAM = J7DYRJ66PN;
				GENERATE_INFOPLIST_FILE = YES;
				IPHONEOS_DEPLOYMENT_TARGET = 17.2;
				MARKETING_VERSION = 1.0;
				PRODUCT_BUNDLE_IDENTIFIER = "com.Demo.Mobikwik-AssingmentTests";
				PRODUCT_NAME = "$(TARGET_NAME)";
				SWIFT_EMIT_LOC_STRINGS = NO;
				SWIFT_VERSION = 5.0;
				TARGETED_DEVICE_FAMILY = "1,2";
				TEST_HOST = "$(BUILT_PRODUCTS_DIR)/Mobikwik Assingment.app/$(BUNDLE_EXECUTABLE_FOLDER_PATH)/Mobikwik Assingment";
			};
			name = Debug;
		};
		7595AE612B8A8179006BD962 /* Release */ = {
			isa = XCBuildConfiguration;
			buildSettings = {
				ALWAYS_EMBED_SWIFT_STANDARD_LIBRARIES = YES;
				BUNDLE_LOADER = "$(TEST_HOST)";
				CODE_SIGN_STYLE = Automatic;
				CURRENT_PROJECT_VERSION = 1;
				DEVELOPMENT_TEAM = J7DYRJ66PN;
				GENERATE_INFOPLIST_FILE = YES;
				IPHONEOS_DEPLOYMENT_TARGET = 17.2;
				MARKETING_VERSION = 1.0;
				PRODUCT_BUNDLE_IDENTIFIER = "com.Demo.Mobikwik-AssingmentTests";
				PRODUCT_NAME = "$(TARGET_NAME)";
				SWIFT_EMIT_LOC_STRINGS = NO;
				SWIFT_VERSION = 5.0;
				TARGETED_DEVICE_FAMILY = "1,2";
				TEST_HOST = "$(BUILT_PRODUCTS_DIR)/Mobikwik Assingment.app/$(BUNDLE_EXECUTABLE_FOLDER_PATH)/Mobikwik Assingment";
			};
			name = Release;
		};
		7595AE632B8A8179006BD962 /* Debug */ = {
			isa = XCBuildConfiguration;
			buildSettings = {
				ALWAYS_EMBED_SWIFT_STANDARD_LIBRARIES = YES;
				CODE_SIGN_STYLE = Automatic;
				CURRENT_PROJECT_VERSION = 1;
				DEVELOPMENT_TEAM = J7DYRJ66PN;
				GENERATE_INFOPLIST_FILE = YES;
				MARKETING_VERSION = 1.0;
				PRODUCT_BUNDLE_IDENTIFIER = "com.Demo.Mobikwik-AssingmentUITests";
				PRODUCT_NAME = "$(TARGET_NAME)";
				SWIFT_EMIT_LOC_STRINGS = NO;
				SWIFT_VERSION = 5.0;
				TARGETED_DEVICE_FAMILY = "1,2";
				TEST_TARGET_NAME = "Mobikwik Assingment";
			};
			name = Debug;
		};
		7595AE642B8A8179006BD962 /* Release */ = {
			isa = XCBuildConfiguration;
			buildSettings = {
				ALWAYS_EMBED_SWIFT_STANDARD_LIBRARIES = YES;
				CODE_SIGN_STYLE = Automatic;
				CURRENT_PROJECT_VERSION = 1;
				DEVELOPMENT_TEAM = J7DYRJ66PN;
				GENERATE_INFOPLIST_FILE = YES;
				MARKETING_VERSION = 1.0;
				PRODUCT_BUNDLE_IDENTIFIER = "com.Demo.Mobikwik-AssingmentUITests";
				PRODUCT_NAME = "$(TARGET_NAME)";
				SWIFT_EMIT_LOC_STRINGS = NO;
				SWIFT_VERSION = 5.0;
				TARGETED_DEVICE_FAMILY = "1,2";
				TEST_TARGET_NAME = "Mobikwik Assingment";
			};
			name = Release;
		};
/* End XCBuildConfiguration section */

/* Begin XCConfigurationList section */
		7595AE2D2B8A8177006BD962 /* Build configuration list for PBXProject "Mobikwik Assingment" */ = {
			isa = XCConfigurationList;
			buildConfigurations = (
				7595AE5A2B8A8179006BD962 /* Debug */,
				7595AE5B2B8A8179006BD962 /* Release */,
			);
			defaultConfigurationIsVisible = 0;
			defaultConfigurationName = Release;
		};
		7595AE5C2B8A8179006BD962 /* Build configuration list for PBXNativeTarget "Mobikwik Assingment" */ = {
			isa = XCConfigurationList;
			buildConfigurations = (
				7595AE5D2B8A8179006BD962 /* Debug */,
				7595AE5E2B8A8179006BD962 /* Release */,
			);
			defaultConfigurationIsVisible = 0;
			defaultConfigurationName = Release;
		};
		7595AE5F2B8A8179006BD962 /* Build configuration list for PBXNativeTarget "Mobikwik AssingmentTests" */ = {
			isa = XCConfigurationList;
			buildConfigurations = (
				7595AE602B8A8179006BD962 /* Debug */,
				7595AE612B8A8179006BD962 /* Release */,
			);
			defaultConfigurationIsVisible = 0;
			defaultConfigurationName = Release;
		};
		7595AE622B8A8179006BD962 /* Build configuration list for PBXNativeTarget "Mobikwik AssingmentUITests" */ = {
			isa = XCConfigurationList;
			buildConfigurations = (
				7595AE632B8A8179006BD962 /* Debug */,
				7595AE642B8A8179006BD962 /* Release */,
			);
			defaultConfigurationIsVisible = 0;
			defaultConfigurationName = Release;
		};
/* End XCConfigurationList section */
	};
	rootObject = 7595AE2A2B8A8177006BD962 /* Project object */;
}
